
Microsoft Visual Studio Solution File, Format Version 12.00
# Visual Studio Version 16
VisualStudioVersion = 16.0.30320.27
MinimumVisualStudioVersion = 10.0.40219.1
Project("{FAE04EC0-301F-11D3-BF4B-00C04F79EFBC}") = "Lesson 20", "Lesson 20\Lesson 20.csproj", "{C44EE500-1781-422A-8270-00E43C6487A9}"
EndProject
Project("{FAE04EC0-301F-11D3-BF4B-00C04F79EFBC}") = "Hotel", "Hotel\Hotel.csproj", "{6D555FFA-8900-4042-81A9-4002BE7EF9F3}"
EndProject
Project("{FAE04EC0-301F-11D3-BF4B-00C04F79EFBC}") = "Clients", "Clients\Clients.csproj", "{98BBEFDA-10D3-4500-9EC7-17CFFB46E66E}"
EndProject
Global
	GlobalSection(SolutionConfigurationPlatforms) = preSolution
		Debug|Any CPU = Debug|Any CPU
		Release|Any CPU = Release|Any CPU
	EndGlobalSection
	GlobalSection(ProjectConfigurationPlatforms) = postSolution
		{C44EE500-1781-422A-8270-00E43C6487A9}.Debug|Any CPU.ActiveCfg = Debug|Any CPU
		{C44EE500-1781-422A-8270-00E43C6487A9}.Debug|Any CPU.Build.0 = Debug|Any CPU
		{C44EE500-1781-422A-8270-00E43C6487A9}.Release|Any CPU.ActiveCfg = Release|Any CPU
		{C44EE500-1781-422A-8270-00E43C6487A9}.Release|Any CPU.Build.0 = Release|Any CPU
		{6D555FFA-8900-4042-81A9-4002BE7EF9F3}.Debug|Any CPU.ActiveCfg = Debug|Any CPU
		{6D555FFA-8900-4042-81A9-4002BE7EF9F3}.Debug|Any CPU.Build.0 = Debug|Any CPU
		{6D555FFA-8900-4042-81A9-4002BE7EF9F3}.Release|Any CPU.ActiveCfg = Release|Any CPU
		{6D555FFA-8900-4042-81A9-4002BE7EF9F3}.Release|Any CPU.Build.0 = Release|Any CPU
		{98BBEFDA-10D3-4500-9EC7-17CFFB46E66E}.Debug|Any CPU.ActiveCfg = Debug|Any CPU
		{98BBEFDA-10D3-4500-9EC7-17CFFB46E66E}.Debug|Any CPU.Build.0 = Debug|Any CPU
		{98BBEFDA-10D3-4500-9EC7-17CFFB46E66E}.Release|Any CPU.ActiveCfg = Release|Any CPU
		{98BBEFDA-10D3-4500-9EC7-17CFFB46E66E}.Release|Any CPU.Build.0 = Release|Any CPU
	EndGlobalSection
	GlobalSection(SolutionProperties) = preSolution
		HideSolutionNode = FALSE
	EndGlobalSection
	GlobalSection(ExtensibilityGlobals) = postSolution
		SolutionGuid = {85D58176-9885-44D2-885F-287BCF8DD9C3}
	EndGlobalSection
EndGlobal
